
Microsoft Visual Studio Solution File, Format Version 12.00
# Visual Studio 15
VisualStudioVersion = 15.0.28010.2003
MinimumVisualStudioVersion = 10.0.40219.1
Project("{FAE04EC0-301F-11D3-BF4B-00C04F79EFBC}") = "WebUI", "WebUI\WebUI.csproj", "{E68FD79C-5C4F-4117-AF85-CFDFE132C685}"
EndProject
Project("{FAE04EC0-301F-11D3-BF4B-00C04F79EFBC}") = "BusStation.Data", "BusStation.Data\BusStation.Data.csproj", "{2AAA84A2-3FC4-4468-B0AE-1D7771E9B190}"
EndProject
Project("{FAE04EC0-301F-11D3-BF4B-00C04F79EFBC}") = "BusStation.Domain", "BusStation.Domain\BusStation.Domain.csproj", "{75091332-FB8A-4BB1-A5AF-28C5ABD773C2}"
EndProject
Project("{FAE04EC0-301F-11D3-BF4B-00C04F79EFBC}") = "BusStation.Services", "BusStation.Services\BusStation.Services.csproj", "{A79A9DFC-FE71-4F8C-BD35-60D0083E19A4}"
EndProject
Project("{FAE04EC0-301F-11D3-BF4B-00C04F79EFBC}") = "CommonLibrary", "CommonLibrary\CommonLibrary.csproj", "{B90C7809-F1C2-4F55-BCE6-680C511B4C9C}"
EndProject
Global
	GlobalSection(SolutionConfigurationPlatforms) = preSolution
		Debug|Any CPU = Debug|Any CPU
		Release|Any CPU = Release|Any CPU
	EndGlobalSection
	GlobalSection(ProjectConfigurationPlatforms) = postSolution
		{E68FD79C-5C4F-4117-AF85-CFDFE132C685}.Debug|Any CPU.ActiveCfg = Debug|Any CPU
		{E68FD79C-5C4F-4117-AF85-CFDFE132C685}.Debug|Any CPU.Build.0 = Debug|Any CPU
		{E68FD79C-5C4F-4117-AF85-CFDFE132C685}.Release|Any CPU.ActiveCfg = Release|Any CPU
		{E68FD79C-5C4F-4117-AF85-CFDFE132C685}.Release|Any CPU.Build.0 = Release|Any CPU
		{2AAA84A2-3FC4-4468-B0AE-1D7771E9B190}.Debug|Any CPU.ActiveCfg = Debug|Any CPU
		{2AAA84A2-3FC4-4468-B0AE-1D7771E9B190}.Debug|Any CPU.Build.0 = Debug|Any CPU
		{2AAA84A2-3FC4-4468-B0AE-1D7771E9B190}.Release|Any CPU.ActiveCfg = Release|Any CPU
		{2AAA84A2-3FC4-4468-B0AE-1D7771E9B190}.Release|Any CPU.Build.0 = Release|Any CPU
		{75091332-FB8A-4BB1-A5AF-28C5ABD773C2}.Debug|Any CPU.ActiveCfg = Debug|Any CPU
		{75091332-FB8A-4BB1-A5AF-28C5ABD773C2}.Debug|Any CPU.Build.0 = Debug|Any CPU
		{75091332-FB8A-4BB1-A5AF-28C5ABD773C2}.Release|Any CPU.ActiveCfg = Release|Any CPU
		{75091332-FB8A-4BB1-A5AF-28C5ABD773C2}.Release|Any CPU.Build.0 = Release|Any CPU
		{A79A9DFC-FE71-4F8C-BD35-60D0083E19A4}.Debug|Any CPU.ActiveCfg = Debug|Any CPU
		{A79A9DFC-FE71-4F8C-BD35-60D0083E19A4}.Debug|Any CPU.Build.0 = Debug|Any CPU
		{A79A9DFC-FE71-4F8C-BD35-60D0083E19A4}.Release|Any CPU.ActiveCfg = Release|Any CPU
		{A79A9DFC-FE71-4F8C-BD35-60D0083E19A4}.Release|Any CPU.Build.0 = Release|Any CPU
		{B90C7809-F1C2-4F55-BCE6-680C511B4C9C}.Debug|Any CPU.ActiveCfg = Debug|Any CPU
		{B90C7809-F1C2-4F55-BCE6-680C511B4C9C}.Debug|Any CPU.Build.0 = Debug|Any CPU
		{B90C7809-F1C2-4F55-BCE6-680C511B4C9C}.Release|Any CPU.ActiveCfg = Release|Any CPU
		{B90C7809-F1C2-4F55-BCE6-680C511B4C9C}.Release|Any CPU.Build.0 = Release|Any CPU
	EndGlobalSection
	GlobalSection(SolutionProperties) = preSolution
		HideSolutionNode = FALSE
	EndGlobalSection
	GlobalSection(ExtensibilityGlobals) = postSolution
		SolutionGuid = {B2A27812-9D21-43FE-A683-D5881943A13A}
	EndGlobalSection
EndGlobal
